
Microsoft Visual Studio Solution File, Format Version 12.00
# Visual Studio Version 16
VisualStudioVersion = 16.0.32407.337
MinimumVisualStudioVersion = 10.0.40219.1
Project("{2150E333-8FDC-42A3-9474-1A3956D46DE8}") = "Services", "Services", "{93B6C240-AE1C-4C2B-A9A5-B2C4617773D2}"
EndProject
Project("{2150E333-8FDC-42A3-9474-1A3956D46DE8}") = "NewFolder1", "NewFolder1", "{77C81CC2-ED03-4044-BA72-ADFCCDEC06F6}"
EndProject
Global
	GlobalSection(SolutionProperties) = preSolution
		HideSolutionNode = FALSE
	EndGlobalSection
	GlobalSection(NestedProjects) = preSolution
		{77C81CC2-ED03-4044-BA72-ADFCCDEC06F6} = {93B6C240-AE1C-4C2B-A9A5-B2C4617773D2}
	EndGlobalSection
	GlobalSection(ExtensibilityGlobals) = postSolution
		SolutionGuid = {72DA837B-1DEC-4526-BB37-60798FDAC9C7}
	EndGlobalSection
EndGlobal
